
Microsoft Visual Studio Solution File, Format Version 12.00
# Visual Studio Version 17
VisualStudioVersion = 17.7.34003.232
MinimumVisualStudioVersion = 10.0.40219.1
Project("{FAE04EC0-301F-11D3-BF4B-00C04F79EFBC}") = "PlantGrowthSeasons", "PlantGrowthSeasons.csproj", "{151BAB12-8059-4A35-B606-C821A573D295}"
EndProject
Global
	GlobalSection(SolutionConfigurationPlatforms) = preSolution
		Debug|Any CPU = Debug|Any CPU
		Release|Any CPU = Release|Any CPU
	EndGlobalSection
	GlobalSection(ProjectConfigurationPlatforms) = postSolution
		{151BAB12-8059-4A35-B606-C821A573D295}.Debug|Any CPU.ActiveCfg = Debug|Any CPU
		{151BAB12-8059-4A35-B606-C821A573D295}.Debug|Any CPU.Build.0 = Debug|Any CPU
		{151BAB12-8059-4A35-B606-C821A573D295}.Release|Any CPU.ActiveCfg = Release|Any CPU
		{151BAB12-8059-4A35-B606-C821A573D295}.Release|Any CPU.Build.0 = Release|Any CPU
	EndGlobalSection
	GlobalSection(SolutionProperties) = preSolution
		HideSolutionNode = FALSE
	EndGlobalSection
	GlobalSection(ExtensibilityGlobals) = postSolution
		SolutionGuid = {13E15712-D189-4D2A-B4AC-58B6D982669B}
	EndGlobalSection
EndGlobal
